Microsoft Visual Studio Solution File, Format Version 12.00
# Visual Studio Version 17
VisualStudioVersion = 17.5.2.0
MinimumVisualStudioVersion = 10.0.40219.1
Project("{FAE04EC0-301F-11D3-BF4B-00C04F79EFBC}") = "Q1HotelBillingSystem", "Q1HotelBillingSystem.csproj", "{01D1D914-4E8C-CA61-08C5-997F98534F89}"
EndProject
Global
	GlobalSection(SolutionConfigurationPlatforms) = preSolution
		Debug|Any CPU = Debug|Any CPU
		Release|Any CPU = Release|Any CPU
	EndGlobalSection
	GlobalSection(ProjectConfigurationPlatforms) = postSolution
		{01D1D914-4E8C-CA61-08C5-997F98534F89}.Debug|Any CPU.ActiveCfg = Debug|Any CPU
		{01D1D914-4E8C-CA61-08C5-997F98534F89}.Debug|Any CPU.Build.0 = Debug|Any CPU
		{01D1D914-4E8C-CA61-08C5-997F98534F89}.Release|Any CPU.ActiveCfg = Release|Any CPU
		{01D1D914-4E8C-CA61-08C5-997F98534F89}.Release|Any CPU.Build.0 = Release|Any CPU
	EndGlobalSection
	GlobalSection(SolutionProperties) = preSolution
		HideSolutionNode = FALSE
	EndGlobalSection
	GlobalSection(ExtensibilityGlobals) = postSolution
		SolutionGuid = {7003D072-21CA-42CB-B413-FA00F16B59D8}
	EndGlobalSection
EndGlobal
