Microsoft Visual Studio Solution File, Format Version 12.00
# Visual Studio Version 17
VisualStudioVersion = 17.5.2.0
MinimumVisualStudioVersion = 10.0.40219.1
Project("{FAE04EC0-301F-11D3-BF4B-00C04F79EFBC}") = "Q1SortedDictionary", "Q1SortedDictionary.csproj", "{E13EBD16-75A9-BD13-0378-B484E3BBAB3D}"
EndProject
Global
	GlobalSection(SolutionConfigurationPlatforms) = preSolution
		Debug|Any CPU = Debug|Any CPU
		Release|Any CPU = Release|Any CPU
	EndGlobalSection
	GlobalSection(ProjectConfigurationPlatforms) = postSolution
		{E13EBD16-75A9-BD13-0378-B484E3BBAB3D}.Debug|Any CPU.ActiveCfg = Debug|Any CPU
		{E13EBD16-75A9-BD13-0378-B484E3BBAB3D}.Debug|Any CPU.Build.0 = Debug|Any CPU
		{E13EBD16-75A9-BD13-0378-B484E3BBAB3D}.Release|Any CPU.ActiveCfg = Release|Any CPU
		{E13EBD16-75A9-BD13-0378-B484E3BBAB3D}.Release|Any CPU.Build.0 = Release|Any CPU
	EndGlobalSection
	GlobalSection(SolutionProperties) = preSolution
		HideSolutionNode = FALSE
	EndGlobalSection
	GlobalSection(ExtensibilityGlobals) = postSolution
		SolutionGuid = {CD916061-97C4-4F95-A397-B8FA102C6BFD}
	EndGlobalSection
EndGlobal
