
Microsoft Visual Studio Solution File, Format Version 12.00
# Visual Studio Version 17
VisualStudioVersion = 17.14.36811.4 d17.14
MinimumVisualStudioVersion = 10.0.40219.1
Project("{FAE04EC0-301F-11D3-BF4B-00C04F79EFBC}") = "ServiceLibrary", "ServiceLibrary\ServiceLibrary.csproj", "{F2EE0DEE-1456-4ABD-8A4D-FC0C29EB609D}"
EndProject
Project("{FAE04EC0-301F-11D3-BF4B-00C04F79EFBC}") = "UILogic", "UILogic\UILogic.csproj", "{B1B848B8-B135-4914-BF97-2197B3509048}"
EndProject
Global
	GlobalSection(SolutionConfigurationPlatforms) = preSolution
		Debug|Any CPU = Debug|Any CPU
		Release|Any CPU = Release|Any CPU
	EndGlobalSection
	GlobalSection(ProjectConfigurationPlatforms) = postSolution
		{F2EE0DEE-1456-4ABD-8A4D-FC0C29EB609D}.Debug|Any CPU.ActiveCfg = Debug|Any CPU
		{F2EE0DEE-1456-4ABD-8A4D-FC0C29EB609D}.Debug|Any CPU.Build.0 = Debug|Any CPU
		{F2EE0DEE-1456-4ABD-8A4D-FC0C29EB609D}.Release|Any CPU.ActiveCfg = Release|Any CPU
		{F2EE0DEE-1456-4ABD-8A4D-FC0C29EB609D}.Release|Any CPU.Build.0 = Release|Any CPU
		{B1B848B8-B135-4914-BF97-2197B3509048}.Debug|Any CPU.ActiveCfg = Debug|Any CPU
		{B1B848B8-B135-4914-BF97-2197B3509048}.Debug|Any CPU.Build.0 = Debug|Any CPU
		{B1B848B8-B135-4914-BF97-2197B3509048}.Release|Any CPU.ActiveCfg = Release|Any CPU
		{B1B848B8-B135-4914-BF97-2197B3509048}.Release|Any CPU.Build.0 = Release|Any CPU
	EndGlobalSection
	GlobalSection(SolutionProperties) = preSolution
		HideSolutionNode = FALSE
	EndGlobalSection
	GlobalSection(ExtensibilityGlobals) = postSolution
		SolutionGuid = {54EF667C-DBAD-4773-A16A-7A99D1010B13}
	EndGlobalSection
EndGlobal
