Microsoft Visual Studio Solution File, Format Version 12.00
# Visual Studio Version 17
VisualStudioVersion = 17.5.2.0
MinimumVisualStudioVersion = 10.0.40219.1
Project("{FAE04EC0-301F-11D3-BF4B-00C04F79EFBC}") = "Question1Polymorphism", "Question1Polymorphism.csproj", "{FCB0E3B5-03E5-858B-7EED-76AF29B60698}"
EndProject
Global
	GlobalSection(SolutionConfigurationPlatforms) = preSolution
		Debug|Any CPU = Debug|Any CPU
		Release|Any CPU = Release|Any CPU
	EndGlobalSection
	GlobalSection(ProjectConfigurationPlatforms) = postSolution
		{FCB0E3B5-03E5-858B-7EED-76AF29B60698}.Debug|Any CPU.ActiveCfg = Debug|Any CPU
		{FCB0E3B5-03E5-858B-7EED-76AF29B60698}.Debug|Any CPU.Build.0 = Debug|Any CPU
		{FCB0E3B5-03E5-858B-7EED-76AF29B60698}.Release|Any CPU.ActiveCfg = Release|Any CPU
		{FCB0E3B5-03E5-858B-7EED-76AF29B60698}.Release|Any CPU.Build.0 = Release|Any CPU
	EndGlobalSection
	GlobalSection(SolutionProperties) = preSolution
		HideSolutionNode = FALSE
	EndGlobalSection
	GlobalSection(ExtensibilityGlobals) = postSolution
		SolutionGuid = {5B9E3738-0A4C-4E37-ACFE-5A70FE3AC63B}
	EndGlobalSection
EndGlobal
