Microsoft Visual Studio Solution File, Format Version 12.00
# Visual Studio Version 17
VisualStudioVersion = 17.5.2.0
MinimumVisualStudioVersion = 10.0.40219.1
Project("{FAE04EC0-301F-11D3-BF4B-00C04F79EFBC}") = "MidpointRounding", "MidpointRounding.csproj", "{02A16139-141B-A76C-B141-2A548E2DDC6D}"
EndProject
Global
	GlobalSection(SolutionConfigurationPlatforms) = preSolution
		Debug|Any CPU = Debug|Any CPU
		Release|Any CPU = Release|Any CPU
	EndGlobalSection
	GlobalSection(ProjectConfigurationPlatforms) = postSolution
		{02A16139-141B-A76C-B141-2A548E2DDC6D}.Debug|Any CPU.ActiveCfg = Debug|Any CPU
		{02A16139-141B-A76C-B141-2A548E2DDC6D}.Debug|Any CPU.Build.0 = Debug|Any CPU
		{02A16139-141B-A76C-B141-2A548E2DDC6D}.Release|Any CPU.ActiveCfg = Release|Any CPU
		{02A16139-141B-A76C-B141-2A548E2DDC6D}.Release|Any CPU.Build.0 = Release|Any CPU
	EndGlobalSection
	GlobalSection(SolutionProperties) = preSolution
		HideSolutionNode = FALSE
	EndGlobalSection
	GlobalSection(ExtensibilityGlobals) = postSolution
		SolutionGuid = {23B7AD1F-CCA1-4D01-ABD5-1E8DAB4E69A7}
	EndGlobalSection
EndGlobal
