
Microsoft Visual Studio Solution File, Format Version 12.00
# Visual Studio Version 17
VisualStudioVersion = 17.14.36930.0 d17.14
MinimumVisualStudioVersion = 10.0.40219.1
Project("{FAE04EC0-301F-11D3-BF4B-00C04F79EFBC}") = "Con_Linq_To_Sql_Demo", "Con_Linq_To_Sql_Demo\Con_Linq_To_Sql_Demo.csproj", "{A38577C2-7CBC-46F4-9FFD-4D9CD4688834}"
EndProject
Global
	GlobalSection(SolutionConfigurationPlatforms) = preSolution
		Debug|Any CPU = Debug|Any CPU
		Release|Any CPU = Release|Any CPU
	EndGlobalSection
	GlobalSection(ProjectConfigurationPlatforms) = postSolution
		{A38577C2-7CBC-46F4-9FFD-4D9CD4688834}.Debug|Any CPU.ActiveCfg = Debug|Any CPU
		{A38577C2-7CBC-46F4-9FFD-4D9CD4688834}.Debug|Any CPU.Build.0 = Debug|Any CPU
		{A38577C2-7CBC-46F4-9FFD-4D9CD4688834}.Release|Any CPU.ActiveCfg = Release|Any CPU
		{A38577C2-7CBC-46F4-9FFD-4D9CD4688834}.Release|Any CPU.Build.0 = Release|Any CPU
	EndGlobalSection
	GlobalSection(SolutionProperties) = preSolution
		HideSolutionNode = FALSE
	EndGlobalSection
	GlobalSection(ExtensibilityGlobals) = postSolution
		SolutionGuid = {5118904A-0EF1-42E6-8F1A-E138C52D40BD}
	EndGlobalSection
EndGlobal
