Microsoft Visual Studio Solution File, Format Version 12.00
# Visual Studio Version 17
VisualStudioVersion = 17.5.2.0
MinimumVisualStudioVersion = 10.0.40219.1
Project("{FAE04EC0-301F-11D3-BF4B-00C04F79EFBC}") = "GenericNonGeneric", "GenericNonGeneric.csproj", "{95D27003-DCD8-AC33-C2C2-EFAA89DD5EAD}"
EndProject
Global
	GlobalSection(SolutionConfigurationPlatforms) = preSolution
		Debug|Any CPU = Debug|Any CPU
		Release|Any CPU = Release|Any CPU
	EndGlobalSection
	GlobalSection(ProjectConfigurationPlatforms) = postSolution
		{95D27003-DCD8-AC33-C2C2-EFAA89DD5EAD}.Debug|Any CPU.ActiveCfg = Debug|Any CPU
		{95D27003-DCD8-AC33-C2C2-EFAA89DD5EAD}.Debug|Any CPU.Build.0 = Debug|Any CPU
		{95D27003-DCD8-AC33-C2C2-EFAA89DD5EAD}.Release|Any CPU.ActiveCfg = Release|Any CPU
		{95D27003-DCD8-AC33-C2C2-EFAA89DD5EAD}.Release|Any CPU.Build.0 = Release|Any CPU
	EndGlobalSection
	GlobalSection(SolutionProperties) = preSolution
		HideSolutionNode = FALSE
	EndGlobalSection
	GlobalSection(ExtensibilityGlobals) = postSolution
		SolutionGuid = {C119499F-A770-4436-BDAA-3968E24E24A5}
	EndGlobalSection
EndGlobal
